
Microsoft Visual Studio Solution File, Format Version 12.00
# Visual Studio Version 17
VisualStudioVersion = 17.10.35122.118
MinimumVisualStudioVersion = 10.0.40219.1
Project("{FAE04EC0-301F-11D3-BF4B-00C04F79EFBC}") = "NeoPay", "NeoPay.csproj", "{6FCD6A12-D619-4914-9970-6729261DD64D}"
EndProject
Global
	GlobalSection(SolutionConfigurationPlatforms) = preSolution
		Debug|Any CPU = Debug|Any CPU
		Release|Any CPU = Release|Any CPU
	EndGlobalSection
	GlobalSection(ProjectConfigurationPlatforms) = postSolution
		{6FCD6A12-D619-4914-9970-6729261DD64D}.Debug|Any CPU.ActiveCfg = Debug|Any CPU
		{6FCD6A12-D619-4914-9970-6729261DD64D}.Debug|Any CPU.Build.0 = Debug|Any CPU
		{6FCD6A12-D619-4914-9970-6729261DD64D}.Release|Any CPU.ActiveCfg = Release|Any CPU
		{6FCD6A12-D619-4914-9970-6729261DD64D}.Release|Any CPU.Build.0 = Release|Any CPU
	EndGlobalSection
	GlobalSection(SolutionProperties) = preSolution
		HideSolutionNode = FALSE
	EndGlobalSection
	GlobalSection(ExtensibilityGlobals) = postSolution
		SolutionGuid = {BB81295B-6BFD-47A5-A30F-79D1EDCC3942}
	EndGlobalSection
EndGlobal
